// !$*UTF8*$!
{
	archiveVersion = 1;
	classes = {
	};
	objectVersion = 46;
	objects = {

/* Begin PBXBuildFile section */
		C02D1BB81AB9AEBD0047831C /* AppDelegate.swift in Sources */ = {isa = PBXBuildFile; fileRef = C02D1BB71AB9AEBD0047831C /* AppDelegate.swift */; };
		C02D1BBA1AB9AEBD0047831C /* ViewController.swift in Sources */ = {isa = PBXBuildFile; fileRef = C02D1BB91AB9AEBD0047831C /* ViewController.swift */; };
		C02D1BBD1AB9AEBD0047831C /* Main.storyboard in Resources */ = {isa = PBXBuildFile; fileRef = C02D1BBB1AB9AEBD0047831C /* Main.storyboard */; };
		C02D1BBF1AB9AEBD0047831C /* Images.xcassets in Resources */ = {isa = PBXBuildFile; fileRef = C02D1BBE1AB9AEBD0047831C /* Images.xcassets */; };
		C02D1BC21AB9AEBD0047831C /* LaunchScreen.xib in Resources */ = {isa = PBXBuildFile; fileRef = C02D1BC01AB9AEBD0047831C /* LaunchScreen.xib */; };
		C02D1BCE1AB9AEBD0047831C /* speech_prototypeTests.swift in Sources */ = {isa = PBXBuildFile; fileRef = C02D1BCD1AB9AEBD0047831C /* speech_prototypeTests.swift */; };
		C0466C821ABB66C700DD3507 /* SystemConfiguration.framework in Frameworks */ = {isa = PBXBuildFile; fileRef = C0466C811ABB66C700DD3507 /* SystemConfiguration.framework */; };
		C0466C841ABB66CC00DD3507 /* Security.framework in Frameworks */ = {isa = PBXBuildFile; fileRef = C0466C831ABB66CC00DD3507 /* Security.framework */; };
		C0466C861ABB66D500DD3507 /* CFNetwork.framework in Frameworks */ = {isa = PBXBuildFile; fileRef = C0466C851ABB66D500DD3507 /* CFNetwork.framework */; };
		C0E2D1421AD47C5700E27525 /* ISpeech.swift in Sources */ = {isa = PBXBuildFile; fileRef = C0E2D1411AD47C5700E27525 /* ISpeech.swift */; };
		C0E2D1441AD47C6200E27525 /* Speech.swift in Sources */ = {isa = PBXBuildFile; fileRef = C0E2D1431AD47C6200E27525 /* Speech.swift */; };
		C0F66A211AD1AC2100428F3C /* SpeechKit.framework in Frameworks */ = {isa = PBXBuildFile; fileRef = C0F66A201AD1AC2100428F3C /* SpeechKit.framework */; };
		C0F66A231AD1AFA600428F3C /* AVFoundation.framework in Frameworks */ = {isa = PBXBuildFile; fileRef = C0F66A221AD1AFA600428F3C /* AVFoundation.framework */; };
		C0F66A271AD1B14300428F3C /* AudioToolbox.framework in Frameworks */ = {isa = PBXBuildFile; fileRef = C0466C7F1ABB66BF00DD3507 /* AudioToolbox.framework */; };
		C0F66A291AD1B2B400428F3C /* speech_prototype-Bridging-Header.m in Sources */ = {isa = PBXBuildFile; fileRef = C0F66A281AD1B2B400428F3C /* speech_prototype-Bridging-Header.m */; };
		C0F66A2E1AD2BA2F00428F3C /* earcon_cancel.wav in Resources */ = {isa = PBXBuildFile; fileRef = C0F66A2B1AD2BA2F00428F3C /* earcon_cancel.wav */; };
		C0F66A2F1AD2BA2F00428F3C /* earcon_done_listening.wav in Resources */ = {isa = PBXBuildFile; fileRef = C0F66A2C1AD2BA2F00428F3C /* earcon_done_listening.wav */; };
		C0F66A301AD2BA2F00428F3C /* earcon_listening.wav in Resources */ = {isa = PBXBuildFile; fileRef = C0F66A2D1AD2BA2F00428F3C /* earcon_listening.wav */; };
/* End PBXBuildFile section */

/* Begin PBXContainerItemProxy section */
		C02D1BC81AB9AEBD0047831C /* PBXContainerItemProxy */ = {
			isa = PBXContainerItemProxy;
			containerPortal = C02D1BAA1AB9AEBD0047831C /* Project object */;
			proxyType = 1;
			remoteGlobalIDString = C02D1BB11AB9AEBD0047831C;
			remoteInfo = speech_prototype;
		};
/* End PBXContainerItemProxy section */

/* Begin PBXFileReference section */
		C02D1BB21AB9AEBD0047831C /* speech_prototype.app */ = {isa = PBXFileReference; explicitFileType = wrapper.application; includeInIndex = 0; path = speech_prototype.app; sourceTree = BUILT_PRODUCTS_DIR; };
		C02D1BB61AB9AEBD0047831C /* Info.plist */ = {isa = PBXFileReference; lastKnownFileType = text.plist.xml; path = Info.plist; sourceTree = "<group>"; };
		C02D1BB71AB9AEBD0047831C /* AppDelegate.swift */ = {isa = PBXFileReference; lastKnownFileType = sourcecode.swift; path = AppDelegate.swift; sourceTree = "<group>"; };
		C02D1BB91AB9AEBD0047831C /* ViewController.swift */ = {isa = PBXFileReference; lastKnownFileType = sourcecode.swift; path = ViewController.swift; sourceTree = "<group>"; };
		C02D1BBC1AB9AEBD0047831C /* Base */ = {isa = PBXFileReference; lastKnownFileType = file.storyboard; name = Base; path = Base.lproj/Main.storyboard; sourceTree = "<group>"; };
		C02D1BBE1AB9AEBD0047831C /* Images.xcassets */ = {isa = PBXFileReference; lastKnownFileType = folder.assetcatalog; path = Images.xcassets; sourceTree = "<group>"; };
		C02D1BC11AB9AEBD0047831C /* Base */ = {isa = PBXFileReference; lastKnownFileType = file.xib; name = Base; path = Base.lproj/LaunchScreen.xib; sourceTree = "<group>"; };
		C02D1BC71AB9AEBD0047831C /* speech_prototypeTests.xctest */ = {isa = PBXFileReference; explicitFileType = wrapper.cfbundle; includeInIndex = 0; path = speech_prototypeTests.xctest; sourceTree = BUILT_PRODUCTS_DIR; };
		C02D1BCC1AB9AEBD0047831C /* Info.plist */ = {isa = PBXFileReference; lastKnownFileType = text.plist.xml; path = Info.plist; sourceTree = "<group>"; };
		C02D1BCD1AB9AEBD0047831C /* speech_prototypeTests.swift */ = {isa = PBXFileReference; lastKnownFileType = sourcecode.swift; path = speech_prototypeTests.swift; sourceTree = "<group>"; };
		C0466C7F1ABB66BF00DD3507 /* AudioToolbox.framework */ = {isa = PBXFileReference; lastKnownFileType = wrapper.framework; name = AudioToolbox.framework; path = System/Library/Frameworks/AudioToolbox.framework; sourceTree = SDKROOT; };
		C0466C811ABB66C700DD3507 /* SystemConfiguration.framework */ = {isa = PBXFileReference; lastKnownFileType = wrapper.framework; name = SystemConfiguration.framework; path = System/Library/Frameworks/SystemConfiguration.framework; sourceTree = SDKROOT; };
		C0466C831ABB66CC00DD3507 /* Security.framework */ = {isa = PBXFileReference; lastKnownFileType = wrapper.framework; name = Security.framework; path = System/Library/Frameworks/Security.framework; sourceTree = SDKROOT; };
		C0466C851ABB66D500DD3507 /* CFNetwork.framework */ = {isa = PBXFileReference; lastKnownFileType = wrapper.framework; name = CFNetwork.framework; path = System/Library/Frameworks/CFNetwork.framework; sourceTree = SDKROOT; };
		C0466C971ABB684000DD3507 /* speech_prototype-Bridging-Header.h */ = {isa = PBXFileReference; lastKnownFileType = sourcecode.c.h; path = "speech_prototype-Bridging-Header.h"; sourceTree = "<group>"; };
		C0E2D1411AD47C5700E27525 /* ISpeech.swift */ = {isa = PBXFileReference; fileEncoding = 4; lastKnownFileType = sourcecode.swift; path = ISpeech.swift; sourceTree = "<group>"; };
		C0E2D1431AD47C6200E27525 /* Speech.swift */ = {isa = PBXFileReference; fileEncoding = 4; lastKnownFileType = sourcecode.swift; path = Speech.swift; sourceTree = "<group>"; };
		C0F66A201AD1AC2100428F3C /* SpeechKit.framework */ = {isa = PBXFileReference; lastKnownFileType = wrapper.framework; name = SpeechKit.framework; path = speech_prototype/SpeechKit.framework; sourceTree = "<group>"; };
		C0F66A221AD1AFA600428F3C /* AVFoundation.framework */ = {isa = PBXFileReference; lastKnownFileType = wrapper.framework; name = AVFoundation.framework; path = System/Library/Frameworks/AVFoundation.framework; sourceTree = SDKROOT; };
		C0F66A251AD1B12F00428F3C /* Foundation.framework */ = {isa = PBXFileReference; lastKnownFileType = wrapper.framework; name = Foundation.framework; path = System/Library/Frameworks/Foundation.framework; sourceTree = SDKROOT; };
		C0F66A281AD1B2B400428F3C /* speech_prototype-Bridging-Header.m */ = {isa = PBXFileReference; fileEncoding = 4; lastKnownFileType = sourcecode.c.objc; path = "speech_prototype-Bridging-Header.m"; sourceTree = "<group>"; };
		C0F66A2B1AD2BA2F00428F3C /* earcon_cancel.wav */ = {isa = PBXFileReference; lastKnownFileType = audio.wav; path = earcon_cancel.wav; sourceTree = "<group>"; };
		C0F66A2C1AD2BA2F00428F3C /* earcon_done_listening.wav */ = {isa = PBXFileReference; lastKnownFileType = audio.wav; path = earcon_done_listening.wav; sourceTree = "<group>"; };
		C0F66A2D1AD2BA2F00428F3C /* earcon_listening.wav */ = {isa = PBXFileReference; lastKnownFileType = audio.wav; path = earcon_listening.wav; sourceTree = "<group>"; };
/* End PBXFileReference section */

/* Begin PBXFrameworksBuildPhase section */
		C02D1BAF1AB9AEBD0047831C /* Frameworks */ = {
			isa = PBXFrameworksBuildPhase;
			buildActionMask = 2147483647;
			files = (
				C0F66A271AD1B14300428F3C /* AudioToolbox.framework in Frameworks */,
				C0F66A231AD1AFA600428F3C /* AVFoundation.framework in Frameworks */,
				C0466C861ABB66D500DD3507 /* CFNetwork.framework in Frameworks */,
				C0466C841ABB66CC00DD3507 /* Security.framework in Frameworks */,
				C0466C821ABB66C700DD3507 /* SystemConfiguration.framework in Frameworks */,
				C0F66A211AD1AC2100428F3C /* SpeechKit.framework in Frameworks */,
			);
			runOnlyForDeploymentPostprocessing = 0;
		};
		C02D1BC41AB9AEBD0047831C /* Frameworks */ = {
			isa = PBXFrameworksBuildPhase;
			buildActionMask = 2147483647;
			files = (
			);
			runOnlyForDeploymentPostprocessing = 0;
		};
/* End PBXFrameworksBuildPhase section */

/* Begin PBXGroup section */
		C02D1BA91AB9AEBD0047831C = {
			isa = PBXGroup;
			children = (
				C02D1BB41AB9AEBD0047831C /* speech_prototype */,
				C02D1BCA1AB9AEBD0047831C /* speech_prototypeTests */,
				C02D1BB31AB9AEBD0047831C /* Products */,
			);
			sourceTree = "<group>";
		};
		C02D1BB31AB9AEBD0047831C /* Products */ = {
			isa = PBXGroup;
			children = (
				C02D1BB21AB9AEBD0047831C /* speech_prototype.app */,
				C02D1BC71AB9AEBD0047831C /* speech_prototypeTests.xctest */,
			);
			name = Products;
			sourceTree = "<group>";
		};
		C02D1BB41AB9AEBD0047831C /* speech_prototype */ = {
			isa = PBXGroup;
			children = (
				C0E2D1401AD47C2D00E27525 /* Speech */,
				C02D1BB71AB9AEBD0047831C /* AppDelegate.swift */,
				C02D1BB91AB9AEBD0047831C /* ViewController.swift */,
				C02D1BBB1AB9AEBD0047831C /* Main.storyboard */,
				C02D1BC01AB9AEBD0047831C /* LaunchScreen.xib */,
				C02D1BBE1AB9AEBD0047831C /* Images.xcassets */,
				C02D1BB51AB9AEBD0047831C /* Supporting Files */,
				C0F66A2A1AD2B80A00428F3C /* Framework */,
			);
			path = speech_prototype;
			sourceTree = "<group>";
		};
		C02D1BB51AB9AEBD0047831C /* Supporting Files */ = {
			isa = PBXGroup;
			children = (
				C0F66A2B1AD2BA2F00428F3C /* earcon_cancel.wav */,
				C0F66A2C1AD2BA2F00428F3C /* earcon_done_listening.wav */,
				C0F66A2D1AD2BA2F00428F3C /* earcon_listening.wav */,
				C0466C971ABB684000DD3507 /* speech_prototype-Bridging-Header.h */,
				C0F66A281AD1B2B400428F3C /* speech_prototype-Bridging-Header.m */,
				C02D1BB61AB9AEBD0047831C /* Info.plist */,
			);
			name = "Supporting Files";
			sourceTree = "<group>";
		};
		C02D1BCA1AB9AEBD0047831C /* speech_prototypeTests */ = {
			isa = PBXGroup;
			children = (
				C02D1BCD1AB9AEBD0047831C /* speech_prototypeTests.swift */,
				C02D1BCB1AB9AEBD0047831C /* Supporting Files */,
			);
			path = speech_prototypeTests;
			sourceTree = "<group>";
		};
		C02D1BCB1AB9AEBD0047831C /* Supporting Files */ = {
			isa = PBXGroup;
			children = (
				C02D1BCC1AB9AEBD0047831C /* Info.plist */,
			);
			name = "Supporting Files";
			sourceTree = "<group>";
		};
		C0E2D1401AD47C2D00E27525 /* Speech */ = {
			isa = PBXGroup;
			children = (
				C0E2D1411AD47C5700E27525 /* ISpeech.swift */,
				C0E2D1431AD47C6200E27525 /* Speech.swift */,
			);
			name = Speech;
			sourceTree = "<group>";
		};
		C0F66A2A1AD2B80A00428F3C /* Framework */ = {
			isa = PBXGroup;
			children = (
				C0F66A201AD1AC2100428F3C /* SpeechKit.framework */,
				C0F66A251AD1B12F00428F3C /* Foundation.framework */,
				C0F66A221AD1AFA600428F3C /* AVFoundation.framework */,
				C0466C851ABB66D500DD3507 /* CFNetwork.framework */,
				C0466C831ABB66CC00DD3507 /* Security.framework */,
				C0466C811ABB66C700DD3507 /* SystemConfiguration.framework */,
				C0466C7F1ABB66BF00DD3507 /* AudioToolbox.framework */,
			);
			name = Framework;
			path = ..;
			sourceTree = "<group>";
		};
/* End PBXGroup section */

/* Begin PBXNativeTarget section */
		C02D1BB11AB9AEBD0047831C /* speech_prototype */ = {
			isa = PBXNativeTarget;
			buildConfigurationList = C02D1BD11AB9AEBD0047831C /* Build configuration list for PBXNativeTarget "speech_prototype" */;
			buildPhases = (
				C02D1BAE1AB9AEBD0047831C /* Sources */,
				C02D1BAF1AB9AEBD0047831C /* Frameworks */,
				C02D1BB01AB9AEBD0047831C /* Resources */,
			);
			buildRules = (
			);
			dependencies = (
			);
			name = speech_prototype;
			productName = speech_prototype;
			productReference = C02D1BB21AB9AEBD0047831C /* speech_prototype.app */;
			productType = "com.apple.product-type.application";
		};
		C02D1BC61AB9AEBD0047831C /* speech_prototypeTests */ = {
			isa = PBXNativeTarget;
			buildConfigurationList = C02D1BD41AB9AEBD0047831C /* Build configuration list for PBXNativeTarget "speech_prototypeTests" */;
			buildPhases = (
				C02D1BC31AB9AEBD0047831C /* Sources */,
				C02D1BC41AB9AEBD0047831C /* Frameworks */,
				C02D1BC51AB9AEBD0047831C /* Resources */,
			);
			buildRules = (
			);
			dependencies = (
				C02D1BC91AB9AEBD0047831C /* PBXTargetDependency */,
			);
			name = speech_prototypeTests;
			productName = speech_prototypeTests;
			productReference = C02D1BC71AB9AEBD0047831C /* speech_prototypeTests.xctest */;
			productType = "com.apple.product-type.bundle.unit-test";
		};
/* End PBXNativeTarget section */

/* Begin PBXProject section */
		C02D1BAA1AB9AEBD0047831C /* Project object */ = {
			isa = PBXProject;
			attributes = {
				LastUpgradeCheck = 0610;
				ORGANIZATIONNAME = "Benjamin Clanet";
				TargetAttributes = {
					C02D1BB11AB9AEBD0047831C = {
						CreatedOnToolsVersion = 6.1.1;
					};
					C02D1BC61AB9AEBD0047831C = {
						CreatedOnToolsVersion = 6.1.1;
						TestTargetID = C02D1BB11AB9AEBD0047831C;
					};
				};
			};
			buildConfigurationList = C02D1BAD1AB9AEBD0047831C /* Build configuration list for PBXProject "speech_prototype" */;
			compatibilityVersion = "Xcode 3.2";
			developmentRegion = English;
			hasScannedForEncodings = 0;
			knownRegions = (
				en,
				Base,
			);
			mainGroup = C02D1BA91AB9AEBD0047831C;
			productRefGroup = C02D1BB31AB9AEBD0047831C /* Products */;
			projectDirPath = "";
			projectRoot = "";
			targets = (
				C02D1BB11AB9AEBD0047831C /* speech_prototype */,
				C02D1BC61AB9AEBD0047831C /* speech_prototypeTests */,
			);
		};
/* End PBXProject section */

/* Begin PBXResourcesBuildPhase section */
		C02D1BB01AB9AEBD0047831C /* Resources */ = {
			isa = PBXResourcesBuildPhase;
			buildActionMask = 2147483647;
			files = (
				C02D1BBD1AB9AEBD0047831C /* Main.storyboard in Resources */,
				C02D1BC21AB9AEBD0047831C /* LaunchScreen.xib in Resources */,
				C0F66A2F1AD2BA2F00428F3C /* earcon_done_listening.wav in Resources */,
				C0F66A2E1AD2BA2F00428F3C /* earcon_cancel.wav in Resources */,
				C0F66A301AD2BA2F00428F3C /* earcon_listening.wav in Resources */,
				C02D1BBF1AB9AEBD0047831C /* Images.xcassets in Resources */,
			);
			runOnlyForDeploymentPostprocessing = 0;
		};
		C02D1BC51AB9AEBD0047831C /* Resources */ = {
			isa = PBXResourcesBuildPhase;
			buildActionMask = 2147483647;
			files = (
			);
			runOnlyForDeploymentPostprocessing = 0;
		};
/* End PBXResourcesBuildPhase section */

/* Begin PBXSourcesBuildPhase section */
		C02D1BAE1AB9AEBD0047831C /* Sources */ = {
			isa = PBXSourcesBuildPhase;
			buildActionMask = 2147483647;
			files = (
				C0F66A291AD1B2B400428F3C /* speech_prototype-Bridging-Header.m in Sources */,
				C0E2D1421AD47C5700E27525 /* ISpeech.swift in Sources */,
				C02D1BBA1AB9AEBD0047831C /* ViewController.swift in Sources */,
				C02D1BB81AB9AEBD0047831C /* AppDelegate.swift in Sources */,
				C0E2D1441AD47C6200E27525 /* Speech.swift in Sources */,
			);
			runOnlyForDeploymentPostprocessing = 0;
		};
		C02D1BC31AB9AEBD0047831C /* Sources */ = {
			isa = PBXSourcesBuildPhase;
			buildActionMask = 2147483647;
			files = (
				C02D1BCE1AB9AEBD0047831C /* speech_prototypeTests.swift in Sources */,
			);
			runOnlyForDeploymentPostprocessing = 0;
		};
/* End PBXSourcesBuildPhase section */

/* Begin PBXTargetDependency section */
		C02D1BC91AB9AEBD0047831C /* PBXTargetDependency */ = {
			isa = PBXTargetDependency;
			target = C02D1BB11AB9AEBD0047831C /* speech_prototype */;
			targetProxy = C02D1BC81AB9AEBD0047831C /* PBXContainerItemProxy */;
		};
/* End PBXTargetDependency section */

/* Begin PBXVariantGroup section */
		C02D1BBB1AB9AEBD0047831C /* Main.storyboard */ = {
			isa = PBXVariantGroup;
			children = (
				C02D1BBC1AB9AEBD0047831C /* Base */,
			);
			name = Main.storyboard;
			sourceTree = "<group>";
		};
		C02D1BC01AB9AEBD0047831C /* LaunchScreen.xib */ = {
			isa = PBXVariantGroup;
			children = (
				C02D1BC11AB9AEBD0047831C /* Base */,
			);
			name = LaunchScreen.xib;
			sourceTree = "<group>";
		};
/* End PBXVariantGroup section */

/* Begin XCBuildConfiguration section */
		C02D1BCF1AB9AEBD0047831C /* Debug */ = {
			isa = XCBuildConfiguration;
			buildSettings = {
				ALWAYS_SEARCH_USER_PATHS = NO;
				CLANG_CXX_LANGUAGE_STANDARD = "gnu++0x";
				CLANG_CXX_LIBRARY = "libc++";
				CLANG_ENABLE_MODULES = YES;
				CLANG_ENABLE_OBJC_ARC = YES;
				CLANG_WARN_BOOL_CONVERSION = YES;
				CLANG_WARN_CONSTANT_CONVERSION = YES;
				CLANG_WARN_DIRECT_OBJC_ISA_USAGE = YES_ERROR;
				CLANG_WARN_EMPTY_BODY = YES;
				CLANG_WARN_ENUM_CONVERSION = YES;
				CLANG_WARN_INT_CONVERSION = YES;
				CLANG_WARN_OBJC_ROOT_CLASS = YES_ERROR;
				CLANG_WARN_UNREACHABLE_CODE = YES;
				CLANG_WARN__DUPLICATE_METHOD_MATCH = YES;
				"CODE_SIGN_IDENTITY[sdk=iphoneos*]" = "iPhone Developer";
				COPY_PHASE_STRIP = NO;
				ENABLE_STRICT_OBJC_MSGSEND = YES;
				GCC_C_LANGUAGE_STANDARD = gnu99;
				GCC_DYNAMIC_NO_PIC = NO;
				GCC_OPTIMIZATION_LEVEL = 0;
				GCC_PREPROCESSOR_DEFINITIONS = (
					"DEBUG=1",
					"$(inherited)",
				);
				GCC_SYMBOLS_PRIVATE_EXTERN = NO;
				GCC_WARN_64_TO_32_BIT_CONVERSION = YES;
				GCC_WARN_ABOUT_RETURN_TYPE = YES_ERROR;
				GCC_WARN_UNDECLARED_SELECTOR = YES;
				GCC_WARN_UNINITIALIZED_AUTOS = YES_AGGRESSIVE;
				GCC_WARN_UNUSED_FUNCTION = YES;
				GCC_WARN_UNUSED_VARIABLE = YES;
				IPHONEOS_DEPLOYMENT_TARGET = 8.1;
				MTL_ENABLE_DEBUG_INFO = YES;
				ONLY_ACTIVE_ARCH = YES;
				SDKROOT = iphoneos;
				SWIFT_OPTIMIZATION_LEVEL = "-Onone";
			};
			name = Debug;
		};
		C02D1BD01AB9AEBD0047831C /* Release */ = {
			isa = XCBuildConfiguration;
			buildSettings = {
				ALWAYS_SEARCH_USER_PATHS = NO;
				CLANG_CXX_LANGUAGE_STANDARD = "gnu++0x";
				CLANG_CXX_LIBRARY = "libc++";
				CLANG_ENABLE_MODULES = YES;
				CLANG_ENABLE_OBJC_ARC = YES;
				CLANG_WARN_BOOL_CONVERSION = YES;
				CLANG_WARN_CONSTANT_CONVERSION = YES;
				CLANG_WARN_DIRECT_OBJC_ISA_USAGE = YES_ERROR;
				CLANG_WARN_EMPTY_BODY = YES;
				CLANG_WARN_ENUM_CONVERSION = YES;
				CLANG_WARN_INT_CONVERSION = YES;
				CLANG_WARN_OBJC_ROOT_CLASS = YES_ERROR;
				CLANG_WARN_UNREACHABLE_CODE = YES;
				CLANG_WARN__DUPLICATE_METHOD_MATCH = YES;
				"CODE_SIGN_IDENTITY[sdk=iphoneos*]" = "iPhone Developer";
				COPY_PHASE_STRIP = YES;
				ENABLE_NS_ASSERTIONS = NO;
				ENABLE_STRICT_OBJC_MSGSEND = YES;
				GCC_C_LANGUAGE_STANDARD = gnu99;
				GCC_WARN_64_TO_32_BIT_CONVERSION = YES;
				GCC_WARN_ABOUT_RETURN_TYPE = YES_ERROR;
				GCC_WARN_UNDECLARED_SELECTOR = YES;
				GCC_WARN_UNINITIALIZED_AUTOS = YES_AGGRESSIVE;
				GCC_WARN_UNUSED_FUNCTION = YES;
				GCC_WARN_UNUSED_VARIABLE = YES;
				IPHONEOS_DEPLOYMENT_TARGET = 8.1;
				MTL_ENABLE_DEBUG_INFO = NO;
				SDKROOT = iphoneos;
				VALIDATE_PRODUCT = YES;
			};
			name = Release;
		};
		C02D1BD21AB9AEBD0047831C /* Debug */ = {
			isa = XCBuildConfiguration;
			buildSettings = {
				ASSETCATALOG_COMPILER_APPICON_NAME = AppIcon;
				CLANG_ENABLE_MODULES = YES;
				FRAMEWORK_SEARCH_PATHS = (
					"$(inherited)",
					"$(PROJECT_DIR)/speech_prototype",
				);
				INFOPLIST_FILE = speech_prototype/Info.plist;
				LD_RUNPATH_SEARCH_PATHS = "$(inherited) @executable_path/Frameworks";
				LIBRARY_SEARCH_PATHS = (
					"$(inherited)",
					"$(PROJECT_DIR)/speech_prototype/SDK",
					"$(PROJECT_DIR)/speech_prototype/SDK/iSpeech",
				);
				OTHER_LDFLAGS = "-ObjC";
				PRODUCT_NAME = "$(TARGET_NAME)";
				SWIFT_OBJC_BRIDGING_HEADER = "speech_prototype/speech_prototype-Bridging-Header.h";
				SWIFT_OPTIMIZATION_LEVEL = "-Onone";
			};
			name = Debug;
		};
		C02D1BD31AB9AEBD0047831C /* Release */ = {
			isa = XCBuildConfiguration;
			buildSettings = {
				ASSETCATALOG_COMPILER_APPICON_NAME = AppIcon;
				CLANG_ENABLE_MODULES = YES;
				FRAMEWORK_SEARCH_PATHS = (
					"$(inherited)",
					"$(PROJECT_DIR)/speech_prototype",
				);
				INFOPLIST_FILE = speech_prototype/Info.plist;
				LD_RUNPATH_SEARCH_PATHS = "$(inherited) @executable_path/Frameworks";
				LIBRARY_SEARCH_PATHS = (
					"$(inherited)",
					"$(PROJECT_DIR)/speech_prototype/SDK",
					"$(PROJECT_DIR)/speech_prototype/SDK/iSpeech",
				);
				OTHER_LDFLAGS = "-ObjC";
				PRODUCT_NAME = "$(TARGET_NAME)";
				SWIFT_OBJC_BRIDGING_HEADER = "speech_prototype/speech_prototype-Bridging-Header.h";
			};
			name = Release;
		};
		C02D1BD51AB9AEBD0047831C /* Debug */ = {
			isa = XCBuildConfiguration;
			buildSettings = {
				BUNDLE_LOADER = "$(TEST_HOST)";
				FRAMEWORK_SEARCH_PATHS = (
					"$(SDKROOT)/Developer/Library/Frameworks",
					"$(inherited)",
				);
				GCC_PREPROCESSOR_DEFINITIONS = (
					"DEBUG=1",
					"$(inherited)",
				);
				INFOPLIST_FILE = speech_prototypeTests/Info.plist;
				LD_RUNPATH_SEARCH_PATHS = "$(inherited) @executable_path/Frameworks @loader_path/Frameworks";
				PRODUCT_NAME = "$(TARGET_NAME)";
				TEST_HOST = "$(BUILT_PRODUCTS_DIR)/speech_prototype.app/speech_prototype";
			};
			name = Debug;
		};
		C02D1BD61AB9AEBD0047831C /* Release */ = {
			isa = XCBuildConfiguration;
			buildSettings = {
				BUNDLE_LOADER = "$(TEST_HOST)";
				FRAMEWORK_SEARCH_PATHS = (
					"$(SDKROOT)/Developer/Library/Frameworks",
					"$(inherited)",
				);
				INFOPLIST_FILE = speech_prototypeTests/Info.plist;
				LD_RUNPATH_SEARCH_PATHS = "$(inherited) @executable_path/Frameworks @loader_path/Frameworks";
				PRODUCT_NAME = "$(TARGET_NAME)";
				TEST_HOST = "$(BUILT_PRODUCTS_DIR)/speech_prototype.app/speech_prototype";
			};
			name = Release;
		};
/* End XCBuildConfiguration section */

/* Begin XCConfigurationList section */
		C02D1BAD1AB9AEBD0047831C /* Build configuration list for PBXProject "speech_prototype" */ = {
			isa = XCConfigurationList;
			buildConfigurations = (
				C02D1BCF1AB9AEBD0047831C /* Debug */,
				C02D1BD01AB9AEBD0047831C /* Release */,
			);
			defaultConfigurationIsVisible = 0;
			defaultConfigurationName = Release;
		};
		C02D1BD11AB9AEBD0047831C /* Build configuration list for PBXNativeTarget "speech_prototype" */ = {
			isa = XCConfigurationList;
			buildConfigurations = (
				C02D1BD21AB9AEBD0047831C /* Debug */,
				C02D1BD31AB9AEBD0047831C /* Release */,
			);
			defaultConfigurationIsVisible = 0;
			defaultConfigurationName = Release;
		};
		C02D1BD41AB9AEBD0047831C /* Build configuration list for PBXNativeTarget "speech_prototypeTests" */ = {
			isa = XCConfigurationList;
			buildConfigurations = (
				C02D1BD51AB9AEBD0047831C /* Debug */,
				C02D1BD61AB9AEBD0047831C /* Release */,
			);
			defaultConfigurationIsVisible = 0;
			defaultConfigurationName = Release;
		};
/* End XCConfigurationList section */
	};
	rootObject = C02D1BAA1AB9AEBD0047831C /* Project object */;
}
